github.com/IndianMax03/yandex-tracker-go-client v1.0.0 h1:qA0CIWWdaG9Of8w/IDbTfGckMcDGLibVFyUTI1cU7Hs=
github.com/IndianMax03/yandex-tracker-go-client v1.0.0/go.mod h1:mYOvPyDiRCi6iJ/7cHJ+Oh3j9IvEaQs1wlpgnMmAbgY=
github.com/go-telegram-bot-api/telegram-bot-api/v5 v5.5.1 h1:wG8n/XJQ07TmjbITcGiUaOtXxdrINDz1b0J1w0SzqDc=
github.com/go-telegram-bot-api/telegram-bot-api/v5 v5.5.1/go.mod h1:A2S0CWkNylc2phvKXWBBdD3K0iGnDBGbzRpISP2zBl8=
github.com/joho/godotenv v1.5.1 h1:7eLL/+HRGLY0ldzfGMeQkb7vMd0as4CfYvUVzLqw0N0=
github.com/joho/godotenv v1.5.1/go.mod h1:f4LDr5Voq0i2e/R5DDNOoa2zzDfwtkZa6DnEwAbqwq4=
golang.org/x/net v0.37.0 h1:1zLorHbz+LYj7MQlSf1+2tPIIgibq2eL5xkrGk6f+2c=
golang.org/x/net v0.37.0/go.mod h1:ivrbrMbzFq5J41QOQh0siUuly180yBYtLp+CKbEaFx8=
resty.dev/v3 v3.0.0-beta.2 h1:xu4mGAdbCLuc3kbk7eddWfWm4JfhwDtdapwss5nCjnQ=
resty.dev/v3 v3.0.0-beta.2/go.mod h1:OgkqiPvTDtOuV4MGZuUDhwOpkY8enjOsjjMzeOHefy4=
